// !$*UTF8*$!
{
	archiveVersion = 1;
	classes = {
	};
	objectVersion = 46;
	objects = {

/* Begin PBXBuildFile section */
		517698751A9E9E7D002B9F67 /* AppDelegate.swift in Sources */ = {isa = PBXBuildFile; fileRef = 517698741A9E9E7D002B9F67 /* AppDelegate.swift */; };
		517698771A9E9E7D002B9F67 /* ViewController.swift in Sources */ = {isa = PBXBuildFile; fileRef = 517698761A9E9E7D002B9F67 /* ViewController.swift */; };
		517698791A9E9E7D002B9F67 /* Images.xcassets in Resources */ = {isa = PBXBuildFile; fileRef = 517698781A9E9E7D002B9F67 /* Images.xcassets */; };
		5176987C1A9E9E7D002B9F67 /* Main.storyboard in Resources */ = {isa = PBXBuildFile; fileRef = 5176987A1A9E9E7D002B9F67 /* Main.storyboard */; };
		517698881A9E9E7D002B9F67 /* RegExrGapTests.swift in Sources */ = {isa = PBXBuildFile; fileRef = 517698871A9E9E7D002B9F67 /* RegExrGapTests.swift */; };
		517698921A9EA987002B9F67 /* WebKit.framework in Frameworks */ = {isa = PBXBuildFile; fileRef = 517698911A9EA987002B9F67 /* WebKit.framework */; };
		517698941A9EAC96002B9F67 /* build in Resources */ = {isa = PBXBuildFile; fileRef = 517698931A9EAC96002B9F67 /* build */; };
/* End PBXBuildFile section */

/* Begin PBXContainerItemProxy section */
		517698821A9E9E7D002B9F67 /* PBXContainerItemProxy */ = {
			isa = PBXContainerItemProxy;
			containerPortal = 517698671A9E9E7D002B9F67 /* Project object */;
			proxyType = 1;
			remoteGlobalIDString = 5176986E1A9E9E7D002B9F67;
			remoteInfo = RegExrGap;
		};
/* End PBXContainerItemProxy section */

/* Begin PBXFileReference section */
		5176986F1A9E9E7D002B9F67 /* RegExrGap.app */ = {isa = PBXFileReference; explicitFileType = wrapper.application; includeInIndex = 0; path = RegExrGap.app; sourceTree = BUILT_PRODUCTS_DIR; };
		517698731A9E9E7D002B9F67 /* Info.plist */ = {isa = PBXFileReference; lastKnownFileType = text.plist.xml; path = Info.plist; sourceTree = "<group>"; };
		517698741A9E9E7D002B9F67 /* AppDelegate.swift */ = {isa = PBXFileReference; lastKnownFileType = sourcecode.swift; path = AppDelegate.swift; sourceTree = "<group>"; };
		517698761A9E9E7D002B9F67 /* ViewController.swift */ = {isa = PBXFileReference; lastKnownFileType = sourcecode.swift; path = ViewController.swift; sourceTree = "<group>"; };
		517698781A9E9E7D002B9F67 /* Images.xcassets */ = {isa = PBXFileReference; lastKnownFileType = folder.assetcatalog; path = Images.xcassets; sourceTree = "<group>"; };
		5176987B1A9E9E7D002B9F67 /* Base */ = {isa = PBXFileReference; lastKnownFileType = file.storyboard; name = Base; path = Base.lproj/Main.storyboard; sourceTree = "<group>"; };
		517698811A9E9E7D002B9F67 /* RegExrGapTests.xctest */ = {isa = PBXFileReference; explicitFileType = wrapper.cfbundle; includeInIndex = 0; path = RegExrGapTests.xctest; sourceTree = BUILT_PRODUCTS_DIR; };
		517698861A9E9E7D002B9F67 /* Info.plist */ = {isa = PBXFileReference; lastKnownFileType = text.plist.xml; path = Info.plist; sourceTree = "<group>"; };
		517698871A9E9E7D002B9F67 /* RegExrGapTests.swift */ = {isa = PBXFileReference; lastKnownFileType = sourcecode.swift; path = RegExrGapTests.swift; sourceTree = "<group>"; };
		517698911A9EA987002B9F67 /* WebKit.framework */ = {isa = PBXFileReference; lastKnownFileType = wrapper.framework; name = WebKit.framework; path = System/Library/Frameworks/WebKit.framework; sourceTree = SDKROOT; };
		517698931A9EAC96002B9F67 /* build */ = {isa = PBXFileReference; lastKnownFileType = folder; name = build; path = regexr/build; sourceTree = "<group>"; };
/* End PBXFileReference section */

/* Begin PBXFrameworksBuildPhase section */
		5176986C1A9E9E7D002B9F67 /* Frameworks */ = {
			isa = PBXFrameworksBuildPhase;
			buildActionMask = 2147483647;
			files = (
				517698921A9EA987002B9F67 /* WebKit.framework in Frameworks */,
			);
			runOnlyForDeploymentPostprocessing = 0;
		};
		5176987E1A9E9E7D002B9F67 /* Frameworks */ = {
			isa = PBXFrameworksBuildPhase;
			buildActionMask = 2147483647;
			files = (
			);
			runOnlyForDeploymentPostprocessing = 0;
		};
/* End PBXFrameworksBuildPhase section */

/* Begin PBXGroup section */
		517698661A9E9E7D002B9F67 = {
			isa = PBXGroup;
			children = (
				517698931A9EAC96002B9F67 /* build */,
				517698911A9EA987002B9F67 /* WebKit.framework */,
				517698711A9E9E7D002B9F67 /* RegExrGap */,
				517698841A9E9E7D002B9F67 /* RegExrGapTests */,
				517698701A9E9E7D002B9F67 /* Products */,
			);
			sourceTree = "<group>";
		};
		517698701A9E9E7D002B9F67 /* Products */ = {
			isa = PBXGroup;
			children = (
				5176986F1A9E9E7D002B9F67 /* RegExrGap.app */,
				517698811A9E9E7D002B9F67 /* RegExrGapTests.xctest */,
			);
			name = Products;
			sourceTree = "<group>";
		};
		517698711A9E9E7D002B9F67 /* RegExrGap */ = {
			isa = PBXGroup;
			children = (
				517698741A9E9E7D002B9F67 /* AppDelegate.swift */,
				517698761A9E9E7D002B9F67 /* ViewController.swift */,
				517698781A9E9E7D002B9F67 /* Images.xcassets */,
				5176987A1A9E9E7D002B9F67 /* Main.storyboard */,
				517698721A9E9E7D002B9F67 /* Supporting Files */,
			);
			path = RegExrGap;
			sourceTree = "<group>";
		};
		517698721A9E9E7D002B9F67 /* Supporting Files */ = {
			isa = PBXGroup;
			children = (
				517698731A9E9E7D002B9F67 /* Info.plist */,
			);
			name = "Supporting Files";
			sourceTree = "<group>";
		};
		517698841A9E9E7D002B9F67 /* RegExrGapTests */ = {
			isa = PBXGroup;
			children = (
				517698871A9E9E7D002B9F67 /* RegExrGapTests.swift */,
				517698851A9E9E7D002B9F67 /* Supporting Files */,
			);
			path = RegExrGapTests;
			sourceTree = "<group>";
		};
		517698851A9E9E7D002B9F67 /* Supporting Files */ = {
			isa = PBXGroup;
			children = (
				517698861A9E9E7D002B9F67 /* Info.plist */,
			);
			name = "Supporting Files";
			sourceTree = "<group>";
		};
/* End PBXGroup section */

/* Begin PBXNativeTarget section */
		5176986E1A9E9E7D002B9F67 /* RegExrGap */ = {
			isa = PBXNativeTarget;
			buildConfigurationList = 5176988B1A9E9E7D002B9F67 /* Build configuration list for PBXNativeTarget "RegExrGap" */;
			buildPhases = (
				5176986B1A9E9E7D002B9F67 /* Sources */,
				5176986C1A9E9E7D002B9F67 /* Frameworks */,
				5176986D1A9E9E7D002B9F67 /* Resources */,
			);
			buildRules = (
			);
			dependencies = (
			);
			name = RegExrGap;
			productName = RegExrGap;
			productReference = 5176986F1A9E9E7D002B9F67 /* RegExrGap.app */;
			productType = "com.apple.product-type.application";
		};
		517698801A9E9E7D002B9F67 /* RegExrGapTests */ = {
			isa = PBXNativeTarget;
			buildConfigurationList = 5176988E1A9E9E7D002B9F67 /* Build configuration list for PBXNativeTarget "RegExrGapTests" */;
			buildPhases = (
				5176987D1A9E9E7D002B9F67 /* Sources */,
				5176987E1A9E9E7D002B9F67 /* Frameworks */,
				5176987F1A9E9E7D002B9F67 /* Resources */,
			);
			buildRules = (
			);
			dependencies = (
				517698831A9E9E7D002B9F67 /* PBXTargetDependency */,
			);
			name = RegExrGapTests;
			productName = RegExrGapTests;
			productReference = 517698811A9E9E7D002B9F67 /* RegExrGapTests.xctest */;
			productType = "com.apple.product-type.bundle.unit-test";
		};
/* End PBXNativeTarget section */

/* Begin PBXProject section */
		517698671A9E9E7D002B9F67 /* Project object */ = {
			isa = PBXProject;
			attributes = {
				LastUpgradeCheck = 0610;
				ORGANIZATIONNAME = Rainy;
				TargetAttributes = {
					5176986E1A9E9E7D002B9F67 = {
						CreatedOnToolsVersion = 6.1.1;
					};
					517698801A9E9E7D002B9F67 = {
						CreatedOnToolsVersion = 6.1.1;
						TestTargetID = 5176986E1A9E9E7D002B9F67;
					};
				};
			};
			buildConfigurationList = 5176986A1A9E9E7D002B9F67 /* Build configuration list for PBXProject "RegExrGap" */;
			compatibilityVersion = "Xcode 3.2";
			developmentRegion = English;
			hasScannedForEncodings = 0;
			knownRegions = (
				en,
				Base,
			);
			mainGroup = 517698661A9E9E7D002B9F67;
			productRefGroup = 517698701A9E9E7D002B9F67 /* Products */;
			projectDirPath = "";
			projectRoot = "";
			targets = (
				5176986E1A9E9E7D002B9F67 /* RegExrGap */,
				517698801A9E9E7D002B9F67 /* RegExrGapTests */,
			);
		};
/* End PBXProject section */

/* Begin PBXResourcesBuildPhase section */
		5176986D1A9E9E7D002B9F67 /* Resources */ = {
			isa = PBXResourcesBuildPhase;
			buildActionMask = 2147483647;
			files = (
				517698941A9EAC96002B9F67 /* build in Resources */,
				517698791A9E9E7D002B9F67 /* Images.xcassets in Resources */,
				5176987C1A9E9E7D002B9F67 /* Main.storyboard in Resources */,
			);
			runOnlyForDeploymentPostprocessing = 0;
		};
		5176987F1A9E9E7D002B9F67 /* Resources */ = {
			isa = PBXResourcesBuildPhase;
			buildActionMask = 2147483647;
			files = (
			);
			runOnlyForDeploymentPostprocessing = 0;
		};
/* End PBXResourcesBuildPhase section */

/* Begin PBXSourcesBuildPhase section */
		5176986B1A9E9E7D002B9F67 /* Sources */ = {
			isa = PBXSourcesBuildPhase;
			buildActionMask = 2147483647;
			files = (
				517698771A9E9E7D002B9F67 /* ViewController.swift in Sources */,
				517698751A9E9E7D002B9F67 /* AppDelegate.swift in Sources */,
			);
			runOnlyForDeploymentPostprocessing = 0;
		};
		5176987D1A9E9E7D002B9F67 /* Sources */ = {
			isa = PBXSourcesBuildPhase;
			buildActionMask = 2147483647;
			files = (
				517698881A9E9E7D002B9F67 /* RegExrGapTests.swift in Sources */,
			);
			runOnlyForDeploymentPostprocessing = 0;
		};
/* End PBXSourcesBuildPhase section */

/* Begin PBXTargetDependency section */
		517698831A9E9E7D002B9F67 /* PBXTargetDependency */ = {
			isa = PBXTargetDependency;
			target = 5176986E1A9E9E7D002B9F67 /* RegExrGap */;
			targetProxy = 517698821A9E9E7D002B9F67 /* PBXContainerItemProxy */;
		};
/* End PBXTargetDependency section */

/* Begin PBXVariantGroup section */
		5176987A1A9E9E7D002B9F67 /* Main.storyboard */ = {
			isa = PBXVariantGroup;
			children = (
				5176987B1A9E9E7D002B9F67 /* Base */,
			);
			name = Main.storyboard;
			sourceTree = "<group>";
		};
/* End PBXVariantGroup section */

/* Begin XCBuildConfiguration section */
		517698891A9E9E7D002B9F67 /* Debug */ = {
			isa = XCBuildConfiguration;
			buildSettings = {
				ALWAYS_SEARCH_USER_PATHS = NO;
				CLANG_CXX_LANGUAGE_STANDARD = "gnu++0x";
				CLANG_CXX_LIBRARY = "libc++";
				CLANG_ENABLE_MODULES = YES;
				CLANG_ENABLE_OBJC_ARC = YES;
				CLANG_WARN_BOOL_CONVERSION = YES;
				CLANG_WARN_CONSTANT_CONVERSION = YES;
				CLANG_WARN_DIRECT_OBJC_ISA_USAGE = YES_ERROR;
				CLANG_WARN_EMPTY_BODY = YES;
				CLANG_WARN_ENUM_CONVERSION = YES;
				CLANG_WARN_INT_CONVERSION = YES;
				CLANG_WARN_OBJC_ROOT_CLASS = YES_ERROR;
				CLANG_WARN_UNREACHABLE_CODE = YES;
				CLANG_WARN__DUPLICATE_METHOD_MATCH = YES;
				CODE_SIGN_IDENTITY = "-";
				COPY_PHASE_STRIP = NO;
				ENABLE_STRICT_OBJC_MSGSEND = YES;
				GCC_C_LANGUAGE_STANDARD = gnu99;
				GCC_DYNAMIC_NO_PIC = NO;
				GCC_OPTIMIZATION_LEVEL = 0;
				GCC_PREPROCESSOR_DEFINITIONS = (
					"DEBUG=1",
					"$(inherited)",
				);
				GCC_SYMBOLS_PRIVATE_EXTERN = NO;
				GCC_WARN_64_TO_32_BIT_CONVERSION = YES;
				GCC_WARN_ABOUT_RETURN_TYPE = YES_ERROR;
				GCC_WARN_UNDECLARED_SELECTOR = YES;
				GCC_WARN_UNINITIALIZED_AUTOS = YES_AGGRESSIVE;
				GCC_WARN_UNUSED_FUNCTION = YES;
				GCC_WARN_UNUSED_VARIABLE = YES;
				MACOSX_DEPLOYMENT_TARGET = 10.10;
				MTL_ENABLE_DEBUG_INFO = YES;
				ONLY_ACTIVE_ARCH = YES;
				SDKROOT = macosx;
				SWIFT_OPTIMIZATION_LEVEL = "-Onone";
			};
			name = Debug;
		};
		5176988A1A9E9E7D002B9F67 /* Release */ = {
			isa = XCBuildConfiguration;
			buildSettings = {
				ALWAYS_SEARCH_USER_PATHS = NO;
				CLANG_CXX_LANGUAGE_STANDARD = "gnu++0x";
				CLANG_CXX_LIBRARY = "libc++";
				CLANG_ENABLE_MODULES = YES;
				CLANG_ENABLE_OBJC_ARC = YES;
				CLANG_WARN_BOOL_CONVERSION = YES;
				CLANG_WARN_CONSTANT_CONVERSION = YES;
				CLANG_WARN_DIRECT_OBJC_ISA_USAGE = YES_ERROR;
				CLANG_WARN_EMPTY_BODY = YES;
				CLANG_WARN_ENUM_CONVERSION = YES;
				CLANG_WARN_INT_CONVERSION = YES;
				CLANG_WARN_OBJC_ROOT_CLASS = YES_ERROR;
				CLANG_WARN_UNREACHABLE_CODE = YES;
				CLANG_WARN__DUPLICATE_METHOD_MATCH = YES;
				CODE_SIGN_IDENTITY = "-";
				COPY_PHASE_STRIP = YES;
				DEBUG_INFORMATION_FORMAT = "dwarf-with-dsym";
				ENABLE_NS_ASSERTIONS = NO;
				ENABLE_STRICT_OBJC_MSGSEND = YES;
				GCC_C_LANGUAGE_STANDARD = gnu99;
				GCC_WARN_64_TO_32_BIT_CONVERSION = YES;
				GCC_WARN_ABOUT_RETURN_TYPE = YES_ERROR;
				GCC_WARN_UNDECLARED_SELECTOR = YES;
				GCC_WARN_UNINITIALIZED_AUTOS = YES_AGGRESSIVE;
				GCC_WARN_UNUSED_FUNCTION = YES;
				GCC_WARN_UNUSED_VARIABLE = YES;
				MACOSX_DEPLOYMENT_TARGET = 10.10;
				MTL_ENABLE_DEBUG_INFO = NO;
				SDKROOT = macosx;
			};
			name = Release;
		};
		5176988C1A9E9E7D002B9F67 /* Debug */ = {
			isa = XCBuildConfiguration;
			buildSettings = {
				ASSETCATALOG_COMPILER_APPICON_NAME = AppIcon;
				COMBINE_HIDPI_IMAGES = YES;
				INFOPLIST_FILE = RegExrGap/Info.plist;
				LD_RUNPATH_SEARCH_PATHS = "$(inherited) @executable_path/../Frameworks";
				PRODUCT_NAME = "$(TARGET_NAME)";
			};
			name = Debug;
		};
		5176988D1A9E9E7D002B9F67 /* Release */ = {
			isa = XCBuildConfiguration;
			buildSettings = {
				ASSETCATALOG_COMPILER_APPICON_NAME = AppIcon;
				COMBINE_HIDPI_IMAGES = YES;
				INFOPLIST_FILE = RegExrGap/Info.plist;
				LD_RUNPATH_SEARCH_PATHS = "$(inherited) @executable_path/../Frameworks";
				PRODUCT_NAME = "$(TARGET_NAME)";
			};
			name = Release;
		};
		5176988F1A9E9E7D002B9F67 /* Debug */ = {
			isa = XCBuildConfiguration;
			buildSettings = {
				BUNDLE_LOADER = "$(TEST_HOST)";
				COMBINE_HIDPI_IMAGES = YES;
				FRAMEWORK_SEARCH_PATHS = (
					"$(DEVELOPER_FRAMEWORKS_DIR)",
					"$(inherited)",
				);
				GCC_PREPROCESSOR_DEFINITIONS = (
					"DEBUG=1",
					"$(inherited)",
				);
				INFOPLIST_FILE = RegExrGapTests/Info.plist;
				LD_RUNPATH_SEARCH_PATHS = "$(inherited) @executable_path/../Frameworks @loader_path/../Frameworks";
				PRODUCT_NAME = "$(TARGET_NAME)";
				TEST_HOST = "$(BUILT_PRODUCTS_DIR)/RegExrGap.app/Contents/MacOS/RegExrGap";
			};
			name = Debug;
		};
		517698901A9E9E7D002B9F67 /* Release */ = {
			isa = XCBuildConfiguration;
			buildSettings = {
				BUNDLE_LOADER = "$(TEST_HOST)";
				COMBINE_HIDPI_IMAGES = YES;
				FRAMEWORK_SEARCH_PATHS = (
					"$(DEVELOPER_FRAMEWORKS_DIR)",
					"$(inherited)",
				);
				INFOPLIST_FILE = RegExrGapTests/Info.plist;
				LD_RUNPATH_SEARCH_PATHS = "$(inherited) @executable_path/../Frameworks @loader_path/../Frameworks";
				PRODUCT_NAME = "$(TARGET_NAME)";
				TEST_HOST = "$(BUILT_PRODUCTS_DIR)/RegExrGap.app/Contents/MacOS/RegExrGap";
			};
			name = Release;
		};
/* End XCBuildConfiguration section */

/* Begin XCConfigurationList section */
		5176986A1A9E9E7D002B9F67 /* Build configuration list for PBXProject "RegExrGap" */ = {
			isa = XCConfigurationList;
			buildConfigurations = (
				517698891A9E9E7D002B9F67 /* Debug */,
				5176988A1A9E9E7D002B9F67 /* Release */,
			);
			defaultConfigurationIsVisible = 0;
			defaultConfigurationName = Release;
		};
		5176988B1A9E9E7D002B9F67 /* Build configuration list for PBXNativeTarget "RegExrGap" */ = {
			isa = XCConfigurationList;
			buildConfigurations = (
				5176988C1A9E9E7D002B9F67 /* Debug */,
				5176988D1A9E9E7D002B9F67 /* Release */,
			);
			defaultConfigurationIsVisible = 0;
			defaultConfigurationName = Release;
		};
		5176988E1A9E9E7D002B9F67 /* Build configuration list for PBXNativeTarget "RegExrGapTests" */ = {
			isa = XCConfigurationList;
			buildConfigurations = (
				5176988F1A9E9E7D002B9F67 /* Debug */,
				517698901A9E9E7D002B9F67 /* Release */,
			);
			defaultConfigurationIsVisible = 0;
			defaultConfigurationName = Release;
		};
/* End XCConfigurationList section */
	};
	rootObject = 517698671A9E9E7D002B9F67 /* Project object */;
}
